
Microsoft Visual Studio Solution File, Format Version 12.00
# Visual Studio Version 17
VisualStudioVersion = 17.4.33205.214
MinimumVisualStudioVersion = 10.0.40219.1
Project("{FAE04EC0-301F-11D3-BF4B-00C04F79EFBC}") = "PR16_2_Nikolaev_Vorobьёv", "PR16_2_Nikolaev_Vorobьёv.csproj", "{EAD8D294-7504-4F41-8A6E-E11053BB4B5B}"
EndProject
Global
	GlobalSection(SolutionConfigurationPlatforms) = preSolution
		Debug|Any CPU = Debug|Any CPU
		Release|Any CPU = Release|Any CPU
	EndGlobalSection
	GlobalSection(ProjectConfigurationPlatforms) = postSolution
		{EAD8D294-7504-4F41-8A6E-E11053BB4B5B}.Debug|Any CPU.ActiveCfg = Debug|Any CPU
		{EAD8D294-7504-4F41-8A6E-E11053BB4B5B}.Debug|Any CPU.Build.0 = Debug|Any CPU
		{EAD8D294-7504-4F41-8A6E-E11053BB4B5B}.Release|Any CPU.ActiveCfg = Release|Any CPU
		{EAD8D294-7504-4F41-8A6E-E11053BB4B5B}.Release|Any CPU.Build.0 = Release|Any CPU
	EndGlobalSection
	GlobalSection(SolutionProperties) = preSolution
		HideSolutionNode = FALSE
	EndGlobalSection
	GlobalSection(ExtensibilityGlobals) = postSolution
		SolutionGuid = {589D7ACC-9215-40BE-8C13-4E01F55FD0DF}
	EndGlobalSection
EndGlobal
