
Microsoft Visual Studio Solution File, Format Version 12.00
# Visual Studio Version 17
VisualStudioVersion = 17.4.33205.214
MinimumVisualStudioVersion = 10.0.40219.1
Project("{FAE04EC0-301F-11D3-BF4B-00C04F79EFBC}") = "PR16_5_Nikolaev_Vorobьёv", "PR16_5_Nikolaev_Vorobьёv.csproj", "{2CBADE7E-5196-49AF-AC43-65691C3F973E}"
EndProject
Global
	GlobalSection(SolutionConfigurationPlatforms) = preSolution
		Debug|Any CPU = Debug|Any CPU
		Release|Any CPU = Release|Any CPU
	EndGlobalSection
	GlobalSection(ProjectConfigurationPlatforms) = postSolution
		{2CBADE7E-5196-49AF-AC43-65691C3F973E}.Debug|Any CPU.ActiveCfg = Debug|Any CPU
		{2CBADE7E-5196-49AF-AC43-65691C3F973E}.Debug|Any CPU.Build.0 = Debug|Any CPU
		{2CBADE7E-5196-49AF-AC43-65691C3F973E}.Release|Any CPU.ActiveCfg = Release|Any CPU
		{2CBADE7E-5196-49AF-AC43-65691C3F973E}.Release|Any CPU.Build.0 = Release|Any CPU
	EndGlobalSection
	GlobalSection(SolutionProperties) = preSolution
		HideSolutionNode = FALSE
	EndGlobalSection
	GlobalSection(ExtensibilityGlobals) = postSolution
		SolutionGuid = {FE61FBA8-8699-40C2-B5A3-BE43DAF552DC}
	EndGlobalSection
EndGlobal
