
Microsoft Visual Studio Solution File, Format Version 12.00
# Visual Studio Version 17
VisualStudioVersion = 17.4.33205.214
MinimumVisualStudioVersion = 10.0.40219.1
Project("{FAE04EC0-301F-11D3-BF4B-00C04F79EFBC}") = "PR16_4_Nikolaev_Vorobьёv", "PR16_4_Nikolaev_Vorobьёv.csproj", "{A94F26F3-883A-4687-B51E-9C0BC6B35E41}"
EndProject
Global
	GlobalSection(SolutionConfigurationPlatforms) = preSolution
		Debug|Any CPU = Debug|Any CPU
		Release|Any CPU = Release|Any CPU
	EndGlobalSection
	GlobalSection(ProjectConfigurationPlatforms) = postSolution
		{A94F26F3-883A-4687-B51E-9C0BC6B35E41}.Debug|Any CPU.ActiveCfg = Debug|Any CPU
		{A94F26F3-883A-4687-B51E-9C0BC6B35E41}.Debug|Any CPU.Build.0 = Debug|Any CPU
		{A94F26F3-883A-4687-B51E-9C0BC6B35E41}.Release|Any CPU.ActiveCfg = Release|Any CPU
		{A94F26F3-883A-4687-B51E-9C0BC6B35E41}.Release|Any CPU.Build.0 = Release|Any CPU
	EndGlobalSection
	GlobalSection(SolutionProperties) = preSolution
		HideSolutionNode = FALSE
	EndGlobalSection
	GlobalSection(ExtensibilityGlobals) = postSolution
		SolutionGuid = {A2F571CD-3C9D-4663-A5A1-6C4B722C8B54}
	EndGlobalSection
EndGlobal
