
Microsoft Visual Studio Solution File, Format Version 12.00
# Visual Studio Version 17
VisualStudioVersion = 17.4.33205.214
MinimumVisualStudioVersion = 10.0.40219.1
Project("{FAE04EC0-301F-11D3-BF4B-00C04F79EFBC}") = "PR16_9_Nikolaev_Vorobьёv", "PR16_9_Nikolaev_Vorobьёv.csproj", "{C862E924-5A0C-4A2F-8AD8-228A4433E6D5}"
EndProject
Global
	GlobalSection(SolutionConfigurationPlatforms) = preSolution
		Debug|Any CPU = Debug|Any CPU
		Release|Any CPU = Release|Any CPU
	EndGlobalSection
	GlobalSection(ProjectConfigurationPlatforms) = postSolution
		{C862E924-5A0C-4A2F-8AD8-228A4433E6D5}.Debug|Any CPU.ActiveCfg = Debug|Any CPU
		{C862E924-5A0C-4A2F-8AD8-228A4433E6D5}.Debug|Any CPU.Build.0 = Debug|Any CPU
		{C862E924-5A0C-4A2F-8AD8-228A4433E6D5}.Release|Any CPU.ActiveCfg = Release|Any CPU
		{C862E924-5A0C-4A2F-8AD8-228A4433E6D5}.Release|Any CPU.Build.0 = Release|Any CPU
	EndGlobalSection
	GlobalSection(SolutionProperties) = preSolution
		HideSolutionNode = FALSE
	EndGlobalSection
	GlobalSection(ExtensibilityGlobals) = postSolution
		SolutionGuid = {C2089E2B-B875-482F-9795-4E126C75CEF6}
	EndGlobalSection
EndGlobal
