
Microsoft Visual Studio Solution File, Format Version 12.00
# Visual Studio Version 17
VisualStudioVersion = 17.4.33205.214
MinimumVisualStudioVersion = 10.0.40219.1
Project("{FAE04EC0-301F-11D3-BF4B-00C04F79EFBC}") = "PR17_Nikolaev", "PR17_Nikolaev.csproj", "{D8BA1938-D14F-4E98-8735-CB95C74B2EB0}"
EndProject
Global
	GlobalSection(SolutionConfigurationPlatforms) = preSolution
		Debug|Any CPU = Debug|Any CPU
		Release|Any CPU = Release|Any CPU
	EndGlobalSection
	GlobalSection(ProjectConfigurationPlatforms) = postSolution
		{D8BA1938-D14F-4E98-8735-CB95C74B2EB0}.Debug|Any CPU.ActiveCfg = Debug|Any CPU
		{D8BA1938-D14F-4E98-8735-CB95C74B2EB0}.Debug|Any CPU.Build.0 = Debug|Any CPU
		{D8BA1938-D14F-4E98-8735-CB95C74B2EB0}.Release|Any CPU.ActiveCfg = Release|Any CPU
		{D8BA1938-D14F-4E98-8735-CB95C74B2EB0}.Release|Any CPU.Build.0 = Release|Any CPU
	EndGlobalSection
	GlobalSection(SolutionProperties) = preSolution
		HideSolutionNode = FALSE
	EndGlobalSection
	GlobalSection(ExtensibilityGlobals) = postSolution
		SolutionGuid = {561CF63E-4A95-46AE-9A09-DA765C1FB648}
	EndGlobalSection
EndGlobal
