
Microsoft Visual Studio Solution File, Format Version 12.00
# Visual Studio Version 17
VisualStudioVersion = 17.4.33205.214
MinimumVisualStudioVersion = 10.0.40219.1
Project("{FAE04EC0-301F-11D3-BF4B-00C04F79EFBC}") = "PR17_6_Nikolaev", "PR17_6_Nikolaev.csproj", "{473BA855-E64F-4042-89D6-FFC87C85017D}"
EndProject
Global
	GlobalSection(SolutionConfigurationPlatforms) = preSolution
		Debug|Any CPU = Debug|Any CPU
		Release|Any CPU = Release|Any CPU
	EndGlobalSection
	GlobalSection(ProjectConfigurationPlatforms) = postSolution
		{473BA855-E64F-4042-89D6-FFC87C85017D}.Debug|Any CPU.ActiveCfg = Debug|Any CPU
		{473BA855-E64F-4042-89D6-FFC87C85017D}.Debug|Any CPU.Build.0 = Debug|Any CPU
		{473BA855-E64F-4042-89D6-FFC87C85017D}.Release|Any CPU.ActiveCfg = Release|Any CPU
		{473BA855-E64F-4042-89D6-FFC87C85017D}.Release|Any CPU.Build.0 = Release|Any CPU
	EndGlobalSection
	GlobalSection(SolutionProperties) = preSolution
		HideSolutionNode = FALSE
	EndGlobalSection
	GlobalSection(ExtensibilityGlobals) = postSolution
		SolutionGuid = {40551A3A-7417-49E3-B26A-32329ECA4102}
	EndGlobalSection
EndGlobal
